
Microsoft Visual Studio Solution File, Format Version 12.00
# Visual Studio 2012
Project("{FAE04EC0-301F-11D3-BF4B-00C04F79EFBC}") = "cs-ilp-codec-framework", "cs-ilp-codec-framework\cs-ilp-codec-framework.csproj", "{E5AA9804-C556-48B9-AA49-3BE5A3CB1F95}"
EndProject
Project("{FAE04EC0-301F-11D3-BF4B-00C04F79EFBC}") = "Sample", "Sample\Sample.csproj", "{08EC3169-AB76-4225-8F15-4520B3FFA169}"
EndProject
Project("{FAE04EC0-301F-11D3-BF4B-00C04F79EFBC}") = "cs-ilp-core", "cs-ilp-core\cs-ilp-core.csproj", "{9175C512-431C-437C-86E6-9078A16BD684}"
EndProject
Project("{FAE04EC0-301F-11D3-BF4B-00C04F79EFBC}") = "cs-ilp-core-codecs", "cs-ilp-core-codecs\cs-ilp-core-codecs.csproj", "{2238EB12-4F97-4E10-BA6A-415F9A189EF5}"
EndProject
Project("{FAE04EC0-301F-11D3-BF4B-00C04F79EFBC}") = "cs-ilp-codec-framework-test", "cs-ilp-codec-framework-test\cs-ilp-codec-framework-test.csproj", "{55F3DD56-143F-4294-A9F0-3E4B36D0873F}"
EndProject
Global
	GlobalSection(SolutionConfigurationPlatforms) = preSolution
		Debug|Any CPU = Debug|Any CPU
		Release|Any CPU = Release|Any CPU
	EndGlobalSection
	GlobalSection(ProjectConfigurationPlatforms) = postSolution
		{E5AA9804-C556-48B9-AA49-3BE5A3CB1F95}.Debug|Any CPU.ActiveCfg = Debug|Any CPU
		{E5AA9804-C556-48B9-AA49-3BE5A3CB1F95}.Debug|Any CPU.Build.0 = Debug|Any CPU
		{E5AA9804-C556-48B9-AA49-3BE5A3CB1F95}.Release|Any CPU.ActiveCfg = Release|Any CPU
		{E5AA9804-C556-48B9-AA49-3BE5A3CB1F95}.Release|Any CPU.Build.0 = Release|Any CPU
		{08EC3169-AB76-4225-8F15-4520B3FFA169}.Debug|Any CPU.ActiveCfg = Debug|Any CPU
		{08EC3169-AB76-4225-8F15-4520B3FFA169}.Debug|Any CPU.Build.0 = Debug|Any CPU
		{08EC3169-AB76-4225-8F15-4520B3FFA169}.Release|Any CPU.ActiveCfg = Release|Any CPU
		{08EC3169-AB76-4225-8F15-4520B3FFA169}.Release|Any CPU.Build.0 = Release|Any CPU
		{9175C512-431C-437C-86E6-9078A16BD684}.Debug|Any CPU.ActiveCfg = Debug|Any CPU
		{9175C512-431C-437C-86E6-9078A16BD684}.Debug|Any CPU.Build.0 = Debug|Any CPU
		{9175C512-431C-437C-86E6-9078A16BD684}.Release|Any CPU.ActiveCfg = Release|Any CPU
		{9175C512-431C-437C-86E6-9078A16BD684}.Release|Any CPU.Build.0 = Release|Any CPU
		{2238EB12-4F97-4E10-BA6A-415F9A189EF5}.Debug|Any CPU.ActiveCfg = Debug|Any CPU
		{2238EB12-4F97-4E10-BA6A-415F9A189EF5}.Debug|Any CPU.Build.0 = Debug|Any CPU
		{2238EB12-4F97-4E10-BA6A-415F9A189EF5}.Release|Any CPU.ActiveCfg = Release|Any CPU
		{2238EB12-4F97-4E10-BA6A-415F9A189EF5}.Release|Any CPU.Build.0 = Release|Any CPU
		{55F3DD56-143F-4294-A9F0-3E4B36D0873F}.Debug|Any CPU.ActiveCfg = Debug|Any CPU
		{55F3DD56-143F-4294-A9F0-3E4B36D0873F}.Debug|Any CPU.Build.0 = Debug|Any CPU
		{55F3DD56-143F-4294-A9F0-3E4B36D0873F}.Release|Any CPU.ActiveCfg = Release|Any CPU
		{55F3DD56-143F-4294-A9F0-3E4B36D0873F}.Release|Any CPU.Build.0 = Release|Any CPU
	EndGlobalSection
	GlobalSection(MonoDevelopProperties) = preSolution
		Policies = $0
		$0.DotNetNamingPolicy = $1
		$1.DirectoryNamespaceAssociation = Hierarchical
		$0.TextStylePolicy = $2
		$2.FileWidth = 80
		$2.TabsToSpaces = True
		$2.scope = text/x-csharp
		$0.CSharpFormattingPolicy = $3
		$3.scope = text/x-csharp
	EndGlobalSection
EndGlobal
